
Microsoft Visual Studio Solution File, Format Version 12.00
# Visual Studio 15
VisualStudioVersion = 15.0.28307.329
MinimumVisualStudioVersion = 10.0.40219.1
Project("{FAE04EC0-301F-11D3-BF4B-00C04F79EFBC}") = "GitHub", "GitHub\GitHub.csproj", "{79B86797-15B6-4343-9338-779A74DCD58D}"
EndProject
Global
	GlobalSection(SolutionConfigurationPlatforms) = preSolution
		Debug|Any CPU = Debug|Any CPU
		Release|Any CPU = Release|Any CPU
	EndGlobalSection
	GlobalSection(ProjectConfigurationPlatforms) = postSolution
		{79B86797-15B6-4343-9338-779A74DCD58D}.Debug|Any CPU.ActiveCfg = Debug|Any CPU
		{79B86797-15B6-4343-9338-779A74DCD58D}.Debug|Any CPU.Build.0 = Debug|Any CPU
		{79B86797-15B6-4343-9338-779A74DCD58D}.Release|Any CPU.ActiveCfg = Release|Any CPU
		{79B86797-15B6-4343-9338-779A74DCD58D}.Release|Any CPU.Build.0 = Release|Any CPU
	EndGlobalSection
	GlobalSection(SolutionProperties) = preSolution
		HideSolutionNode = FALSE
	EndGlobalSection
	GlobalSection(ExtensibilityGlobals) = postSolution
		SolutionGuid = {29855DA9-4A1D-4C55-9358-23F34D3EE976}
	EndGlobalSection
EndGlobal
